{
  "name": "twikoo-server",
  "version": "1.0.0",
  "lockfileVersion": 3,
  "requires": true,
  "packages": {
    "": {
      "name": "twikoo-server",
      "version": "1.0.0",
      "license": "ISC",
      "dependencies": {
        "twikoo": "^1.6.27"
      }
    },
    "node_modules/twikoo": {
      "version": "1.6.27",
      "resolved": "https://registry.npmjs.org/twikoo/-/twikoo-1.6.27.tgz",
      "integrity": "sha512-WR3DMhc72fpeRRkEEUfxYN6xpucBzqPi5QBcIi8eF/HZ3U8LGn/F8K5+ksCGsh4+HqL9UNChBdEyhC9o7bBUfA=="
    }
  }
}
